{
    "_meta": {
        "hash": {
            "sha256": "01c686f9046ea3d607baa573b42d99ecb232816fc9cec61d7b240867d07624da"
        },
        "pipfile-spec": 6,
        "requires": {
            "python_version": "3.7"
        },
        "sources": [
            {
                "name": "pypi",
                "url": "https://pypi.org/simple",
                "verify_ssl": true
            }
        ]
    },
    "default": {
        "absl-py": {
            "hashes": [
                "sha256:34995df9bd7a09b3b8749e230408f5a2a2dd7a68a0d33c12a3d0cb15a041a507",
                "sha256:463c38a08d2e4cef6c498b76ba5bd4858e4c6ef51da1a5a1f27139a022e20248"
            ],
            "markers": "python_version >= '3.6'",
            "version": "==1.3.0"
        },
        "astor": {
            "hashes": [
                "sha256:070a54e890cefb5b3739d19f30f5a5ec840ffc9c50ffa7d23cc9fc1a38ebbfc5",
                "sha256:6a6effda93f4e1ce9f618779b2dd1d9d84f1e32812c23a29b3fff6fd7f63fa5e"
            ],
            "markers": "python_version >= '2.7' and python_version not in '3.0, 3.1, 3.2, 3.3'",
            "version": "==0.8.1"
        },
        "certifi": {
            "hashes": [
                "sha256:35824b4c3a97115964b408844d64aa14db1cc518f6562e8d7261699d1350a9e3",
                "sha256:4ad3232f5e926d6718ec31cfc1fcadfde020920e278684144551c91769c7bc18"
            ],
            "markers": "python_version >= '3.6'",
            "version": "==2022.12.7"
        },
        "chardet": {
            "hashes": [
                "sha256:84ab92ed1c4d4f16916e05906b6b75a6c0fb5db821cc65e70cbd64a3e2a5eaae",
                "sha256:fc323ffcaeaed0e0a02bf4d117757b98aed530d9ed4531e3e15460124c106691"
            ],
            "version": "==3.0.4"
        },
        "click": {
            "hashes": [
                "sha256:7682dc8afb30297001674575ea00d1814d808d6a36af415a82bd481d37ba7b8e",
                "sha256:bb4d8133cb15a609f44e8213d9b391b0809795062913b383c62be0ee95b1db48"
            ],
            "markers": "python_version >= '3.7'",
            "version": "==8.1.3"
        },
        "flask": {
            "hashes": [
                "sha256:2271c0070dbcb5275fad4a82e29f23ab92682dc45f9dfbc22c02ba9b9322ce48",
                "sha256:a080b744b7e345ccfcbc77954861cb05b3c63786e93f2b3875e0913d44b43f05"
            ],
            "index": "pypi",
            "version": "==1.0.2"
        },
        "gast": {
            "hashes": [
                "sha256:211aac1e58c167b25d3504998f2db694454a24bb1fb1225bce99420166f21d6a",
                "sha256:cfbea25820e653af9c7d1807f659ce0a0a9c64f2439421a7bba4f0983f532dea"
            ],
            "markers": "python_version >= '2.7' and python_version not in '3.0, 3.1, 3.2, 3.3'",
            "version": "==0.5.3"
        },
        "grpcio": {
            "hashes": [
                "sha256:094e64236253590d9d4075665c77b329d707b6fca864dd62b144255e199b4f87",
                "sha256:0dc5354e38e5adf2498312f7241b14c7ce3484eefa0082db4297189dcbe272e6",
                "sha256:0e1a9e1b4a23808f1132aa35f968cd8e659f60af3ffd6fb00bcf9a65e7db279f",
                "sha256:0fb93051331acbb75b49a2a0fd9239c6ba9528f6bdc1dd400ad1cb66cf864292",
                "sha256:16c71740640ba3a882f50b01bf58154681d44b51f09a5728180a8fdc66c67bd5",
                "sha256:172405ca6bdfedd6054c74c62085946e45ad4d9cec9f3c42b4c9a02546c4c7e9",
                "sha256:17ec9b13cec4a286b9e606b48191e560ca2f3bbdf3986f91e480a95d1582e1a7",
                "sha256:22b011674090594f1f3245960ced7386f6af35485a38901f8afee8ad01541dbd",
                "sha256:24ac1154c4b2ab4a0c5326a76161547e70664cd2c39ba75f00fc8a2170964ea2",
                "sha256:257478300735ce3c98d65a930bbda3db172bd4e00968ba743e6a1154ea6edf10",
                "sha256:29cb97d41a4ead83b7bcad23bdb25bdd170b1e2cba16db6d3acbb090bc2de43c",
                "sha256:2b170eaf51518275c9b6b22ccb59450537c5a8555326fd96ff7391b5dd75303c",
                "sha256:31bb6bc7ff145e2771c9baf612f4b9ebbc9605ccdc5f3ff3d5553de7fc0e0d79",
                "sha256:3c2b3842dcf870912da31a503454a33a697392f60c5e2697c91d133130c2c85d",
                "sha256:3f9b0023c2c92bebd1be72cdfca23004ea748be1813a66d684d49d67d836adde",
                "sha256:471d39d3370ca923a316d49c8aac66356cea708a11e647e3bdc3d0b5de4f0a40",
                "sha256:49d680356a975d9c66a678eb2dde192d5dc427a7994fb977363634e781614f7c",
                "sha256:4c4423ea38a7825b8fed8934d6d9aeebdf646c97e3c608c3b0bcf23616f33877",
                "sha256:506b9b7a4cede87d7219bfb31014d7b471cfc77157da9e820a737ec1ea4b0663",
                "sha256:538d981818e49b6ed1e9c8d5e5adf29f71c4e334e7d459bf47e9b7abb3c30e09",
                "sha256:59dffade859f157bcc55243714d57b286da6ae16469bf1ac0614d281b5f49b67",
                "sha256:5a6ebcdef0ef12005d56d38be30f5156d1cb3373b52e96f147f4a24b0ddb3a9d",
                "sha256:5dca372268c6ab6372d37d6b9f9343e7e5b4bc09779f819f9470cd88b2ece3c3",
                "sha256:6df3b63538c362312bc5fa95fb965069c65c3ea91d7ce78ad9c47cab57226f54",
                "sha256:6f0b89967ee11f2b654c23b27086d88ad7bf08c0b3c2a280362f28c3698b2896",
                "sha256:75e29a90dc319f0ad4d87ba6d20083615a00d8276b51512e04ad7452b5c23b04",
                "sha256:7942b32a291421460d6a07883033e392167d30724aa84987e6956cd15f1a21b9",
                "sha256:9235dcd5144a83f9ca6f431bd0eccc46b90e2c22fe27b7f7d77cabb2fb515595",
                "sha256:97d67983189e2e45550eac194d6234fc38b8c3b5396c153821f2d906ed46e0ce",
                "sha256:9ff42c5620b4e4530609e11afefa4a62ca91fa0abb045a8957e509ef84e54d30",
                "sha256:a8a0b77e992c64880e6efbe0086fe54dfc0bbd56f72a92d9e48264dcd2a3db98",
                "sha256:aacb54f7789ede5cbf1d007637f792d3e87f1c9841f57dd51abf89337d1b8472",
                "sha256:bc59f7ba87972ab236f8669d8ca7400f02a0eadf273ca00e02af64d588046f02",
                "sha256:cc2bece1737b44d878cc1510ea04469a8073dbbcdd762175168937ae4742dfb3",
                "sha256:cd3baccea2bc5c38aeb14e5b00167bd4e2373a373a5e4d8d850bd193edad150c",
                "sha256:dad6533411d033b77f5369eafe87af8583178efd4039c41d7515d3336c53b4f1",
                "sha256:e223a9793522680beae44671b9ed8f6d25bbe5ddf8887e66aebad5e0686049ef",
                "sha256:e473525c28251558337b5c1ad3fa969511e42304524a4e404065e165b084c9e4",
                "sha256:e4ef09f8997c4be5f3504cefa6b5c6cc3cf648274ce3cede84d4342a35d76db6",
                "sha256:e6dfc2b6567b1c261739b43d9c59d201c1b89e017afd9e684d85aa7a186c9f7a",
                "sha256:eacad297ea60c72dd280d3353d93fb1dcca952ec11de6bb3c49d12a572ba31dd",
                "sha256:f1158bccbb919da42544a4d3af5d9296a3358539ffa01018307337365a9a0c64",
                "sha256:f1fec3abaf274cdb85bf3878167cfde5ad4a4d97c68421afda95174de85ba813",
                "sha256:f96ace1540223f26fbe7c4ebbf8a98e3929a6aa0290c8033d12526847b291c0f",
                "sha256:fbdbe9a849854fe484c00823f45b7baab159bdd4a46075302281998cb8719df5"
            ],
            "markers": "python_version >= '3.7'",
            "version": "==1.51.1"
        },
        "h5py": {
            "hashes": [
                "sha256:03d64fb86bb86b978928bad923b64419a23e836499ec6363e305ad28afd9d287",
                "sha256:04e2e1e2fc51b8873e972a08d2f89625ef999b1f2d276199011af57bb9fc7851",
                "sha256:0798a9c0ff45f17d0192e4d7114d734cac9f8b2b2c76dd1d923c4d0923f27bb6",
                "sha256:0a047fddbe6951bce40e9cde63373c838a978c5e05a011a682db9ba6334b8e85",
                "sha256:0d8de8cb619fc597da7cf8cdcbf3b7ff8c5f6db836568afc7dc16d21f59b2b49",
                "sha256:1fcb11a2dc8eb7ddcae08afd8fae02ba10467753a857fa07a404d700a93f3d53",
                "sha256:3fcf37884383c5da64846ab510190720027dca0768def34dd8dcb659dbe5cbf3",
                "sha256:43fed4d13743cf02798a9a03a360a88e589d81285e72b83f47d37bb64ed44881",
                "sha256:63beb8b7b47d0896c50de6efb9a1eaa81dbe211f3767e7dd7db159cea51ba37a",
                "sha256:6776d896fb90c5938de8acb925e057e2f9f28755f67ec3edcbc8344832616c38",
                "sha256:9e2ad2aa000f5b1e73b5dfe22f358ca46bf1a2b6ca394d9659874d7fc251731a",
                "sha256:9e7535df5ee3dc3e5d1f408fdfc0b33b46bc9b34db82743c82cd674d8239b9ad",
                "sha256:a9351d729ea754db36d175098361b920573fdad334125f86ac1dd3a083355e20",
                "sha256:c038399ce09a58ff8d89ec3e62f00aa7cb82d14f34e24735b920e2a811a3a426",
                "sha256:d77af42cb751ad6cc44f11bae73075a07429a5cf2094dfde2b1e716e059b3911",
                "sha256:e5b7820b75f9519499d76cc708e27242ccfdd9dfb511d6deb98701961d0445aa",
                "sha256:ed43e2cc4f511756fd664fb45d6b66c3cbed4e3bd0f70e29c37809b2ae013c44",
                "sha256:f084bbe816907dfe59006756f8f2d16d352faff2d107f4ffeb1d8de126fc5dc7",
                "sha256:f514b24cacdd983e61f8d371edac8c1b780c279d0acb8485639e97339c866073",
                "sha256:f73307c876af49aa869ec5df1818e9bb0bdcfcf8a5ba773cc45a4fba5a286a5c"
            ],
            "markers": "python_version >= '3.7'",
            "version": "==3.7.0"
        },
        "idna": {
            "hashes": [
                "sha256:c357b3f628cf53ae2c4c05627ecc484553142ca23264e593d327bcde5e9c3407",
                "sha256:ea8b7f6188e6fa117537c3df7da9fc686d485087abf6ac197f9c46432f7e4a3c"
            ],
            "version": "==2.8"
        },
        "importlib-metadata": {
            "hashes": [
                "sha256:0eafa39ba42bf225fc00e67f701d71f85aead9f878569caf13c3724f704b970f",
                "sha256:404d48d62bba0b7a77ff9d405efd91501bef2e67ff4ace0bed40a0cf28c3c7cd"
            ],
            "markers": "python_version < '3.8'",
            "version": "==5.2.0"
        },
        "itsdangerous": {
            "hashes": [
                "sha256:2c2349112351b88699d8d4b6b075022c0808887cb7ad10069318a8b0bc88db44",
                "sha256:5dbbc68b317e5e42f327f9021763545dc3fc3bfe22e6deb96aaf1fc38874156a"
            ],
            "markers": "python_version >= '3.7'",
            "version": "==2.1.2"
        },
        "jinja2": {
            "hashes": [
                "sha256:31351a702a408a9e7595a8fc6150fc3f43bb6bf7e319770cbc0db9df9437e852",
                "sha256:6088930bfe239f0e6710546ab9c19c9ef35e29792895fed6e6e31a023a182a61"
            ],
            "markers": "python_version >= '3.7'",
            "version": "==3.1.2"
        },
        "keras": {
            "hashes": [
                "sha256:794d0c92c6c4122f1f0fcf3a7bc2f49054c6a54ddbef8d8ffafca62795d760b6",
                "sha256:90b610a3dbbf6d257b20a079eba3fdf2eed2158f64066a7c6f7227023fd60bc9"
            ],
            "index": "pypi",
            "version": "==2.2.4"
        },
        "keras-applications": {
            "hashes": [
                "sha256:5579f9a12bcde9748f4a12233925a59b93b73ae6947409ff34aa2ba258189fe5",
                "sha256:df4323692b8c1174af821bf906f1e442e63fa7589bf0f1230a0b6bdc5a810c95"
            ],
            "version": "==1.0.8"
        },
        "keras-preprocessing": {
            "hashes": [
                "sha256:7b82029b130ff61cc99b55f3bd27427df4838576838c5b2f65940e4fcec99a7b",
                "sha256:add82567c50c8bc648c14195bf544a5ce7c1f76761536956c3d2978970179ef3"
            ],
            "version": "==1.1.2"
        },
        "markdown": {
            "hashes": [
                "sha256:08fb8465cffd03d10b9dd34a5c3fea908e20391a2a90b88d66362cb05beed186",
                "sha256:3b809086bb6efad416156e00a0da66fe47618a5d6918dd688f53f40c8e4cfeff"
            ],
            "markers": "python_version >= '3.7'",
            "version": "==3.4.1"
        },
        "markupsafe": {
            "hashes": [
                "sha256:0212a68688482dc52b2d45013df70d169f542b7394fc744c02a57374a4207003",
                "sha256:089cf3dbf0cd6c100f02945abeb18484bd1ee57a079aefd52cffd17fba910b88",
                "sha256:10c1bfff05d95783da83491be968e8fe789263689c02724e0c691933c52994f5",
                "sha256:33b74d289bd2f5e527beadcaa3f401e0df0a89927c1559c8566c066fa4248ab7",
                "sha256:3799351e2336dc91ea70b034983ee71cf2f9533cdff7c14c90ea126bfd95d65a",
                "sha256:3ce11ee3f23f79dbd06fb3d63e2f6af7b12db1d46932fe7bd8afa259a5996603",
                "sha256:421be9fbf0ffe9ffd7a378aafebbf6f4602d564d34be190fc19a193232fd12b1",
                "sha256:43093fb83d8343aac0b1baa75516da6092f58f41200907ef92448ecab8825135",
                "sha256:46d00d6cfecdde84d40e572d63735ef81423ad31184100411e6e3388d405e247",
                "sha256:4a33dea2b688b3190ee12bd7cfa29d39c9ed176bda40bfa11099a3ce5d3a7ac6",
                "sha256:4b9fe39a2ccc108a4accc2676e77da025ce383c108593d65cc909add5c3bd601",
                "sha256:56442863ed2b06d19c37f94d999035e15ee982988920e12a5b4ba29b62ad1f77",
                "sha256:671cd1187ed5e62818414afe79ed29da836dde67166a9fac6d435873c44fdd02",
                "sha256:694deca8d702d5db21ec83983ce0bb4b26a578e71fbdbd4fdcd387daa90e4d5e",
                "sha256:6a074d34ee7a5ce3effbc526b7083ec9731bb3cbf921bbe1d3005d4d2bdb3a63",
                "sha256:6d0072fea50feec76a4c418096652f2c3238eaa014b2f94aeb1d56a66b41403f",
                "sha256:6fbf47b5d3728c6aea2abb0589b5d30459e369baa772e0f37a0320185e87c980",
                "sha256:7f91197cc9e48f989d12e4e6fbc46495c446636dfc81b9ccf50bb0ec74b91d4b",
                "sha256:86b1f75c4e7c2ac2ccdaec2b9022845dbb81880ca318bb7a0a01fbf7813e3812",
                "sha256:8dc1c72a69aa7e082593c4a203dcf94ddb74bb5c8a731e4e1eb68d031e8498ff",
                "sha256:8e3dcf21f367459434c18e71b2a9532d96547aef8a871872a5bd69a715c15f96",
                "sha256:8e576a51ad59e4bfaac456023a78f6b5e6e7651dcd383bcc3e18d06f9b55d6d1",
                "sha256:96e37a3dc86e80bf81758c152fe66dbf60ed5eca3d26305edf01892257049925",
                "sha256:97a68e6ada378df82bc9f16b800ab77cbf4b2fada0081794318520138c088e4a",
                "sha256:99a2a507ed3ac881b975a2976d59f38c19386d128e7a9a18b7df6fff1fd4c1d6",
                "sha256:a49907dd8420c5685cfa064a1335b6754b74541bbb3706c259c02ed65b644b3e",
                "sha256:b09bf97215625a311f669476f44b8b318b075847b49316d3e28c08e41a7a573f",
                "sha256:b7bd98b796e2b6553da7225aeb61f447f80a1ca64f41d83612e6139ca5213aa4",
                "sha256:b87db4360013327109564f0e591bd2a3b318547bcef31b468a92ee504d07ae4f",
                "sha256:bcb3ed405ed3222f9904899563d6fc492ff75cce56cba05e32eff40e6acbeaa3",
                "sha256:d4306c36ca495956b6d568d276ac11fdd9c30a36f1b6eb928070dc5360b22e1c",
                "sha256:d5ee4f386140395a2c818d149221149c54849dfcfcb9f1debfe07a8b8bd63f9a",
                "sha256:dda30ba7e87fbbb7eab1ec9f58678558fd9a6b8b853530e176eabd064da81417",
                "sha256:e04e26803c9c3851c931eac40c695602c6295b8d432cbe78609649ad9bd2da8a",
                "sha256:e1c0b87e09fa55a220f058d1d49d3fb8df88fbfab58558f1198e08c1e1de842a",
                "sha256:e72591e9ecd94d7feb70c1cbd7be7b3ebea3f548870aa91e2732960fa4d57a37",
                "sha256:e8c843bbcda3a2f1e3c2ab25913c80a3c5376cd00c6e8c4a86a89a28c8dc5452",
                "sha256:efc1913fd2ca4f334418481c7e595c00aad186563bbc1ec76067848c7ca0a933",
                "sha256:f121a1420d4e173a5d96e47e9a0c0dcff965afdf1626d28de1460815f7c4ee7a",
                "sha256:fc7b548b17d238737688817ab67deebb30e8073c95749d55538ed473130ec0c7"
            ],
            "markers": "python_version >= '3.7'",
            "version": "==2.1.1"
        },
        "mock": {
            "hashes": [
                "sha256:122fcb64ee37cfad5b3f48d7a7d51875d7031aaf3d8be7c42e2bee25044eee62",
                "sha256:7d3fbbde18228f4ff2f1f119a45cdffa458b4c0dee32eb4d2bb2f82554bac7bc"
            ],
            "markers": "python_version >= '3.6'",
            "version": "==4.0.3"
        },
        "numpy": {
            "hashes": [
                "sha256:1980f8d84548d74921685f68096911585fee393975f53797614b34d4f409b6da",
                "sha256:22752cd809272671b273bb86df0f505f505a12368a3a5fc0aa811c7ece4dfd5c",
                "sha256:23cc40313036cffd5d1873ef3ce2e949bdee0646c5d6f375bf7ee4f368db2511",
                "sha256:2b0b118ff547fecabc247a2668f48f48b3b1f7d63676ebc5be7352a5fd9e85a5",
                "sha256:3a0bd1edf64f6a911427b608a894111f9fcdb25284f724016f34a84c9a3a6ea9",
                "sha256:3f25f6c7b0d000017e5ac55977a3999b0b1a74491eacb3c1aa716f0e01f6dcd1",
                "sha256:4061c79ac2230594a7419151028e808239450e676c39e58302ad296232e3c2e8",
                "sha256:560ceaa24f971ab37dede7ba030fc5d8fa173305d94365f814d9523ffd5d5916",
                "sha256:62be044cd58da2a947b7e7b2252a10b42920df9520fc3d39f5c4c70d5460b8ba",
                "sha256:6c692e3879dde0b67a9dc78f9bfb6f61c666b4562fd8619632d7043fb5b691b0",
                "sha256:6f65e37b5a331df950ef6ff03bd4136b3c0bbcf44d4b8e99135d68a537711b5a",
                "sha256:7a78cc4ddb253a55971115f8320a7ce28fd23a065fc33166d601f51760eecfa9",
                "sha256:80a41edf64a3626e729a62df7dd278474fc1726836552b67a8c6396fd7e86760",
                "sha256:893f4d75255f25a7b8516feb5766c6b63c54780323b9bd4bc51cdd7efc943c73",
                "sha256:972ea92f9c1b54cc1c1a3d8508e326c0114aaf0f34996772a30f3f52b73b942f",
                "sha256:9f1d4865436f794accdabadc57a8395bd3faa755449b4f65b88b7df65ae05f89",
                "sha256:9f4cd7832b35e736b739be03b55875706c8c3e5fe334a06210f1a61e5c2c8ca5",
                "sha256:adab43bf657488300d3aeeb8030d7f024fcc86e3a9b8848741ea2ea903e56610",
                "sha256:bd2834d496ba9b1bdda3a6cf3de4dc0d4a0e7be306335940402ec95132ad063d",
                "sha256:d20c0360940f30003a23c0adae2fe50a0a04f3e48dc05c298493b51fd6280197",
                "sha256:d3b3ed87061d2314ff3659bb73896e622252da52558f2380f12c421fbdee3d89",
                "sha256:dc235bf29a406dfda5790d01b998a1c01d7d37f449128c0b1b7d1c89a84fae8b",
                "sha256:fb3c83554f39f48f3fa3123b9c24aecf681b1c289f9334f8215c1d3c8e2f6e5b"
            ],
            "index": "pypi",
            "version": "==1.16.2"
        },
        "protobuf": {
            "hashes": [
                "sha256:1f22ac0ca65bb70a876060d96d914dae09ac98d114294f77584b0d2644fa9c30",
                "sha256:237216c3326d46808a9f7c26fd1bd4b20015fb6867dc5d263a493ef9a539293b",
                "sha256:27f4d15021da6d2b706ddc3860fac0a5ddaba34ab679dc182b60a8bb4e1121cc",
                "sha256:299ea899484ee6f44604deb71f424234f654606b983cb496ea2a53e3c63ab791",
                "sha256:3d164928ff0727d97022957c2b849250ca0e64777ee31efd7d6de2e07c494717",
                "sha256:6ab80df09e3208f742c98443b6166bcb70d65f52cfeb67357d52032ea1ae9bec",
                "sha256:78a28c9fa223998472886c77042e9b9afb6fe4242bd2a2a5aced88e3f4422aa7",
                "sha256:7cd532c4566d0e6feafecc1059d04c7915aec8e182d1cf7adee8b24ef1e2e6ab",
                "sha256:89f9149e4a0169cddfc44c74f230d7743002e3aa0b9472d8c28f0388102fc4c2",
                "sha256:a53fd3f03e578553623272dc46ac2f189de23862e68565e83dde203d41b76fc5",
                "sha256:b135410244ebe777db80298297a97fbb4c862c881b4403b71bac9d4107d61fd1",
                "sha256:b98d0148f84e3a3c569e19f52103ca1feacdac0d2df8d6533cf983d1fda28462",
                "sha256:d1736130bce8cf131ac7957fa26880ca19227d4ad68b4888b3be0dea1f95df97",
                "sha256:f45460f9ee70a0ec1b6694c6e4e348ad2019275680bd68a1d9314b8c7e01e574"
            ],
            "markers": "python_version >= '3.7'",
            "version": "==4.21.12"
        },
        "pymongo": {
            "hashes": [
                "sha256:025f94fc1e1364f00e50badc88c47f98af20012f23317234e51a11333ef986e6",
                "sha256:02aa7fb282606331aefbc0586e2cf540e9dbe5e343493295e7f390936ad2738e",
                "sha256:057210e831573e932702cf332012ed39da78edf0f02d24a3f0b213264a87a397",
                "sha256:0d946b79c56187fe139276d4c8ed612a27a616966c8b9779d6b79e2053587c8b",
                "sha256:104790893b928d310aae8a955e0bdbaa442fb0ac0a33d1bbb0741c791a407778",
                "sha256:15527ef218d95a8717486106553b0d54ff2641e795b65668754e17ab9ca6e381",
                "sha256:164d02c7b1b5e27bf1da581a334762cf66df4a105d7faf46910cfc104ed255e4",
                "sha256:1826527a0b032f6e20e7ac7f72d7c26dd476a5e5aa82c04aa1c7088a59fded7d",
                "sha256:22e3aa4ce1c3eebc7f70f9ca7fd4ce1ea33e8bdb7b61996806cd312f08f84a3a",
                "sha256:244e1101e9a48615b9a16cbd194f73c115fdfefc96894803158608115f703b26",
                "sha256:24b8c04fdb633a84829d03909752c385faef249c06114cc8d8e1700b95aae5c8",
                "sha256:2c276696350785d3104412cbe3ac70ab1e3a10c408e7b20599ee41403a3ed630",
                "sha256:2d8474dc833b1182b651b184ace997a7bd83de0f51244de988d3c30e49f07de3",
                "sha256:3119b57fe1d964781e91a53e81532c85ed1701baaddec592e22f6b77a9fdf3df",
                "sha256:3bee8e7e0709b0fcdaa498a3e513bde9ffc7cd09dbceb11e425bd91c89dbd5b6",
                "sha256:436c071e01a464753d30dbfc8768dd93aecf2a8e378e5314d130b95e77b4d612",
                "sha256:46635e3f19ad04d5a7d7cf23d232388ddbfccf46d9a3b7436b6abadda4e84813",
                "sha256:4772e0b679717e7ac4608d996f57b6f380748a919b457cb05bb941467b888b22",
                "sha256:4e2cd80e16f481a62c3175b607373200e714ed29025f21559ebf7524f295689f",
                "sha256:52732960efa0e003ca1c092dc0a3c65276e897681287a788a01ca78dda3b41f0",
                "sha256:55a7de51ec7d1731b2431886d0349146645f2816e5b8eb982d7c49f89472c9f3",
                "sha256:5f8ed5934197a2d4b2087646e98de3e099a237099dcf498b9e38dd3465f74ef4",
                "sha256:64b064124fcbc8eb04a155117dc4d9a336e3cda3f069958fbc44fe70c3c3d1e9",
                "sha256:65958b8e4319f992e85dad59d8081888b97fcdbde5f0d14bc28f2848b92d3ef1",
                "sha256:6be7f7302487c4d456ff8b58a1e31dd3e3c844189f5b892ef23310e0abf0db7b",
                "sha256:7683428862e20c6a790c19e64f8ccf487f613fbc83d47e3d532df9c81668d451",
                "sha256:78566d5570c75a127c2491e343dc006798a384f06be588fe9b0cbe5595711559",
                "sha256:7d1cb00c093dbf1d0b16ccf123e79dee3b82608e4a2a88947695f0460eef13ff",
                "sha256:8c74e2a9b594f7962c62cef7680a4cb92a96b4e6e3c2f970790da67cc0213a7e",
                "sha256:8e60aa7699170f55f4b0f56ee6f8415229777ac7e4b4b1aa41fc61eec08c1f1d",
                "sha256:90e40fbe59e3c223ac689b0537a5df1ab431c19741a2b42240b88cc672d083aa",
                "sha256:9447b561529576d89d3bf973e5241a88cf76e45bd101963f5236888713dea774",
                "sha256:970055bfeb0be373f2f5299a3db8432444bad3bc2f198753ee6c2a3a781e0959",
                "sha256:a6344b8542e584e140dc3c651d68bde51270e79490aa9320f9e708f9b2c39bd5",
                "sha256:ce309ca470d747b02ba6069d286a17b7df8e9c94d10d727d9cf3a64e51d85184",
                "sha256:cfbd86ed4c2b2ac71bbdbcea6669bf295def7152e3722ddd9dda94ac7981f33d",
                "sha256:d7929c513732dff093481f4a0954ed5ff16816365842136b17caa0b4992e49d3",
                "sha256:e21180042aaa9589471c27f0cc1e38868abeaa59f988877fa129f3b5efdf6bfb",
                "sha256:e98a9d2c590bc5a5e84f32430d2dc1fcc549d0a150a613bae6eadb5ef7c20465"
            ],
            "index": "pypi",
            "version": "==3.7.2"
        },
        "python-chess": {
            "hashes": [
                "sha256:7053ad0870ec889cb558298278887cd8b977ca5e752f452f5f0f1de67f7d18cf",
                "sha256:8b5745ae1cd250247ba2a5a2cefc3b3a1015e8f04909aca5ac1686f6102c1e24"
            ],
            "index": "pypi",
            "version": "==0.27.3"
        },
        "pyyaml": {
            "hashes": [
                "sha256:01b45c0191e6d66c470b6cf1b9531a771a83c1c4208272ead47a3ae4f2f603bf",
                "sha256:0283c35a6a9fbf047493e3a0ce8d79ef5030852c51e9d911a27badfde0605293",
                "sha256:055d937d65826939cb044fc8c9b08889e8c743fdc6a32b33e2390f66013e449b",
                "sha256:07751360502caac1c067a8132d150cf3d61339af5691fe9e87803040dbc5db57",
                "sha256:0b4624f379dab24d3725ffde76559cff63d9ec94e1736b556dacdfebe5ab6d4b",
                "sha256:0ce82d761c532fe4ec3f87fc45688bdd3a4c1dc5e0b4a19814b9009a29baefd4",
                "sha256:1e4747bc279b4f613a09eb64bba2ba602d8a6664c6ce6396a4d0cd413a50ce07",
                "sha256:213c60cd50106436cc818accf5baa1aba61c0189ff610f64f4a3e8c6726218ba",
                "sha256:231710d57adfd809ef5d34183b8ed1eeae3f76459c18fb4a0b373ad56bedcdd9",
                "sha256:277a0ef2981ca40581a47093e9e2d13b3f1fbbeffae064c1d21bfceba2030287",
                "sha256:2cd5df3de48857ed0544b34e2d40e9fac445930039f3cfe4bcc592a1f836d513",
                "sha256:40527857252b61eacd1d9af500c3337ba8deb8fc298940291486c465c8b46ec0",
                "sha256:432557aa2c09802be39460360ddffd48156e30721f5e8d917f01d31694216782",
                "sha256:473f9edb243cb1935ab5a084eb238d842fb8f404ed2193a915d1784b5a6b5fc0",
                "sha256:48c346915c114f5fdb3ead70312bd042a953a8ce5c7106d5bfb1a5254e47da92",
                "sha256:50602afada6d6cbfad699b0c7bb50d5ccffa7e46a3d738092afddc1f9758427f",
                "sha256:68fb519c14306fec9720a2a5b45bc9f0c8d1b9c72adf45c37baedfcd949c35a2",
                "sha256:77f396e6ef4c73fdc33a9157446466f1cff553d979bd00ecb64385760c6babdc",
                "sha256:81957921f441d50af23654aa6c5e5eaf9b06aba7f0a19c18a538dc7ef291c5a1",
                "sha256:819b3830a1543db06c4d4b865e70ded25be52a2e0631ccd2f6a47a2822f2fd7c",
                "sha256:897b80890765f037df3403d22bab41627ca8811ae55e9a722fd0392850ec4d86",
                "sha256:98c4d36e99714e55cfbaaee6dd5badbc9a1ec339ebfc3b1f52e293aee6bb71a4",
                "sha256:9df7ed3b3d2e0ecfe09e14741b857df43adb5a3ddadc919a2d94fbdf78fea53c",
                "sha256:9fa600030013c4de8165339db93d182b9431076eb98eb40ee068700c9c813e34",
                "sha256:a80a78046a72361de73f8f395f1f1e49f956c6be882eed58505a15f3e430962b",
                "sha256:afa17f5bc4d1b10afd4466fd3a44dc0e245382deca5b3c353d8b757f9e3ecb8d",
                "sha256:b3d267842bf12586ba6c734f89d1f5b871df0273157918b0ccefa29deb05c21c",
                "sha256:b5b9eccad747aabaaffbc6064800670f0c297e52c12754eb1d976c57e4f74dcb",
                "sha256:bfaef573a63ba8923503d27530362590ff4f576c626d86a9fed95822a8255fd7",
                "sha256:c5687b8d43cf58545ade1fe3e055f70eac7a5a1a0bf42824308d868289a95737",
                "sha256:cba8c411ef271aa037d7357a2bc8f9ee8b58b9965831d9e51baf703280dc73d3",
                "sha256:d15a181d1ecd0d4270dc32edb46f7cb7733c7c508857278d3d378d14d606db2d",
                "sha256:d4b0ba9512519522b118090257be113b9468d804b19d63c71dbcf4a48fa32358",
                "sha256:d4db7c7aef085872ef65a8fd7d6d09a14ae91f691dec3e87ee5ee0539d516f53",
                "sha256:d4eccecf9adf6fbcc6861a38015c2a64f38b9d94838ac1810a9023a0609e1b78",
                "sha256:d67d839ede4ed1b28a4e8909735fc992a923cdb84e618544973d7dfc71540803",
                "sha256:daf496c58a8c52083df09b80c860005194014c3698698d1a57cbcfa182142a3a",
                "sha256:dbad0e9d368bb989f4515da330b88a057617d16b6a8245084f1b05400f24609f",
                "sha256:e61ceaab6f49fb8bdfaa0f92c4b57bcfbea54c09277b1b4f7ac376bfb7a7c174",
                "sha256:f84fbc98b019fef2ee9a1cb3ce93e3187a6df0b2538a651bfb890254ba9f90b5"
            ],
            "markers": "python_version >= '3.6'",
            "version": "==6.0"
        },
        "requests": {
            "hashes": [
                "sha256:502a824f31acdacb3a35b6690b5fbf0bc41d63a24a45c4004352b0242707598e",
                "sha256:7bf2a778576d825600030a110f3c0e3e8edc51dfaafe1c146e39a2027784957b"
            ],
            "index": "pypi",
            "version": "==2.21.0"
        },
        "scipy": {
            "hashes": [
                "sha256:168c45c0c32e23f613db7c9e4e780bc61982d71dcd406ead746c7c7c2f2004ce",
                "sha256:213bc59191da2f479984ad4ec39406bf949a99aba70e9237b916ce7547b6ef42",
                "sha256:25b241034215247481f53355e05f9e25462682b13bd9191359075682adcd9554",
                "sha256:2c872de0c69ed20fb1a9b9cf6f77298b04a26f0b8720a5457be08be254366c6e",
                "sha256:3397c129b479846d7eaa18f999369a24322d008fac0782e7828fa567358c36ce",
                "sha256:368c0f69f93186309e1b4beb8e26d51dd6f5010b79264c0f1e9ca00cd92ea8c9",
                "sha256:3d5db5d815370c28d938cf9b0809dade4acf7aba57eaf7ef733bfedc9b2474c4",
                "sha256:4598cf03136067000855d6b44d7a1f4f46994164bcd450fb2c3d481afc25dd06",
                "sha256:4a453d5e5689de62e5d38edf40af3f17560bfd63c9c5bd228c18c1f99afa155b",
                "sha256:4f12d13ffbc16e988fa40809cbbd7a8b45bc05ff6ea0ba8e3e41f6f4db3a9e47",
                "sha256:634568a3018bc16a83cda28d4f7aed0d803dd5618facb36e977e53b2df868443",
                "sha256:65923bc3809524e46fb7eb4d6346552cbb6a1ffc41be748535aa502a2e3d3389",
                "sha256:6b0ceb23560f46dd236a8ad4378fc40bad1783e997604ba845e131d6c680963e",
                "sha256:8c8d6ca19c8497344b810b0b0344f8375af5f6bb9c98bd42e33f747417ab3f57",
                "sha256:9ad4fcddcbf5dc67619379782e6aeef41218a79e17979aaed01ed099876c0e62",
                "sha256:a254b98dbcc744c723a838c03b74a8a34c0558c9ac5c86d5561703362231107d",
                "sha256:b03c4338d6d3d299e8ca494194c0ae4f611548da59e3c038813f1a43976cb437",
                "sha256:cc1f78ebc982cd0602c9a7615d878396bec94908db67d4ecddca864d049112f2",
                "sha256:d6d25c41a009e3c6b7e757338948d0076ee1dd1770d1c09ec131f11946883c54",
                "sha256:d84cadd7d7998433334c99fa55bcba0d8b4aeff0edb123b2a1dfcface538e474",
                "sha256:e360cb2299028d0b0d0f65a5c5e51fc16a335f1603aa2357c25766c8dab56938",
                "sha256:e98d49a5717369d8241d6cf33ecb0ca72deee392414118198a8e5b4c35c56340",
                "sha256:ed572470af2438b526ea574ff8f05e7f39b44ac37f712105e57fc4d53a6fb660",
                "sha256:f87b39f4d69cf7d7529d7b1098cb712033b17ea7714aed831b95628f483fd012",
                "sha256:fa789583fc94a7689b45834453fec095245c7e69c58561dc159b5d5277057e4c"
            ],
            "markers": "python_version >= '3.6'",
            "version": "==1.5.4"
        },
        "six": {
            "hashes": [
                "sha256:1e61c37477a1626458e36f7b1d82aa5c9b094fa4802892072e49de9c60c4c926",
                "sha256:8abb2f1d86890a2dfb989f9a77cfcfd3e47c2a354b01111771326f8aa26e0254"
            ],
            "markers": "python_version >= '2.7' and python_version not in '3.0, 3.1, 3.2, 3.3'",
            "version": "==1.16.0"
        },
        "tensorboard": {
            "hashes": [
                "sha256:53d8f40589c903dae65f39a799c2bc49defae3703754984d90613d26ebd714a4",
                "sha256:b664fe7772be5670d8b04200342e681af7795a12cd752709aed565c06c0cc196"
            ],
            "markers": "python_version >= '2.7' and python_version not in '3.0, 3.1, 3.2, 3.3'",
            "version": "==1.13.1"
        },
        "tensorflow": {
            "hashes": [
                "sha256:0de5887495c20e1130ae4d9bcfaf80cec87f579a9c27a84141a588a46e5aa853",
                "sha256:0f305f3c461ed2ce5e0b65fccc7b7452f483c7935dd8a52a466d622e642fdea8",
                "sha256:4325f20b5a703b80a5f7a8807f07ad8735025bd2a947093ffff1c26fbdc7980b",
                "sha256:4c86be0e476b64cedf4ffa059d71b764e75b895effb697345687e3057929a7b5",
                "sha256:6b0a0a413390302ce7c22c98695983d6fb8406861cfb418b25536f57a96c0b89",
                "sha256:77eec2351d0a9b5312ea01ee4c78c13996f249cf1bead2e68256a65e533f45ef",
                "sha256:87bf719a564f11d63e4f614e933e5a612dd4e67c88266b774236e0982f5fcf69",
                "sha256:ba29e66331cd2a8f824e0fa937ce44bd624bc37739f2f083694e473051d89ace",
                "sha256:bc374f5a662b6e164cd1c4da61ccc752ec208a44893d2f9dcf47d2a0a2cef311",
                "sha256:bcf86966b7554e407bb7d73341f2e108df62a910d40b4cd2a914867f2a5de51c",
                "sha256:c3abffd51c168cfd62a557243c47a29ab48deb52a64465e6818060f20755ddb4",
                "sha256:c41862c65628261229db22e33f9e570d845eeb5cea66dcbaebe404405edaa69b",
                "sha256:d7341617aedd73c2c847755e87697e9c19eb625c73da26d6cd669220c5565119",
                "sha256:de0425b58cb34006e4500565239b4c3a3055b95bff132f097fa46c87d8e463c9",
                "sha256:f21fb65c8e874f40c654bc9b3ff3db3ec26f98f03fe64a541bc768f6f5c52ac2"
            ],
            "index": "pypi",
            "version": "==1.13.1"
        },
        "tensorflow-estimator": {
            "hashes": [
                "sha256:7cfdaa3e83e3532f31713713feb98be7ea9f3065722be4267e49b6c301271419"
            ],
            "version": "==1.13.0"
        },
        "termcolor": {
            "hashes": [
                "sha256:67cee2009adc6449c650f6bcf3bdeed00c8ba53a8cda5362733c53e0a39fb70b",
                "sha256:fa852e957f97252205e105dd55bbc23b419a70fec0085708fc0515e399f304fd"
            ],
            "markers": "python_version >= '3.7'",
            "version": "==2.1.1"
        },
        "typing-extensions": {
            "hashes": [
                "sha256:1511434bb92bf8dd198c12b1cc812e800d4181cfcb867674e0f8279cc93087aa",
                "sha256:16fa4864408f655d35ec496218b85f79b3437c829e93320c7c9215ccfd92489e"
            ],
            "markers": "python_version < '3.8'",
            "version": "==4.4.0"
        },
        "urllib3": {
            "hashes": [
                "sha256:2393a695cd12afedd0dcb26fe5d50d0cf248e5a66f75dbd89a3d4eb333a61af4",
                "sha256:a637e5fae88995b256e3409dc4d52c2e2e0ba32c42a6365fee8bbd2238de3cfb"
            ],
            "markers": "python_version >= '2.7' and python_version not in '3.0, 3.1, 3.2, 3.3' and python_version < '4'",
            "version": "==1.24.3"
        },
        "werkzeug": {
            "hashes": [
                "sha256:7ea2d48322cc7c0f8b3a215ed73eabd7b5d75d0b50e31ab006286ccff9e00b8f",
                "sha256:f979ab81f58d7318e064e99c4506445d60135ac5cd2e177a2de0089bfd4c9bd5"
            ],
            "markers": "python_version >= '3.7'",
            "version": "==2.2.2"
        },
        "wheel": {
            "hashes": [
                "sha256:7a95f9a8dc0924ef318bd55b616112c70903192f524d120acc614f59547a9e1f",
                "sha256:ea041edf63f4ccba53ad6e035427997b3bb10ee88a4cd014ae82aeb9eea77bb9"
            ],
            "index": "pypi",
            "version": "==0.38.1"
        },
        "zipp": {
            "hashes": [
                "sha256:83a28fcb75844b5c0cdaf5aa4003c2d728c77e05f5aeabe8e95e56727005fbaa",
                "sha256:a7a22e05929290a67401440b39690ae6563279bced5f314609d9d03798f56766"
            ],
            "markers": "python_version >= '3.7'",
            "version": "==3.11.0"
        }
    },
    "develop": {}
}
